{
  "name": "zombicide-fantasy-map-editor",
  "version": "0.1.0",
  "lockfileVersion": 3,
  "requires": true,
  "packages": {
    "": {
      "name": "zombicide-fantasy-map-editor",
      "version": "0.1.0",
      "bin": {
        "zombicide-map": "cli/zombicide-map.mjs"
      },
      "engines": {
        "node": ">=18"
      }
    }
  }
}
